<?xml version="1.0" encoding="utf-8"?>
<Project ToolsVersion="4.0" xmlns="http://schemas.microsoft.com/developer/msbuild/2003">
  <ItemGroup>
    <Filter Include="Source Files">
      <UniqueIdentifier>{4FC737F1-C7A5-4376-A066-2A32D752A2FF}</UniqueIdentifier>
      <Extensions>cpp;c;cc;cxx;def;odl;idl;hpj;bat;asm;asmx</Extensions>
    </Filter>
    <Filter Include="Header Files">
      <UniqueIdentifier>{93995380-89BD-4b04-88EB-625FBE52EBFB}</UniqueIdentifier>
      <Extensions>h;hh;hpp;hxx;hm;inl;inc;ipp;xsd</Extensions>
    </Filter>
    <Filter Include="Resource Files">
      <UniqueIdentifier>{67DA6AB6-F800-4c08-8B7A-83BB121AAD01}</UniqueIdentifier>
      <Extensions>rc;ico;cur;bmp;dlg;rc2;rct;bin;rgs;gif;jpg;jpeg;jpe;resx;tiff;tif;png;wav;mfcribbon-ms</Extensions>
    </Filter>
    <Filter Include="Source Files\Graphics">
      <UniqueIdentifier>{e064c986-1a39-4bc9-b35e-cb8da70db22b}</UniqueIdentifier>
    </Filter>
    <Filter Include="Header Files\Sound">
      <UniqueIdentifier>{8de61ffd-8660-4fb8-a047-156d7ff294b4}</UniqueIdentifier>
    </Filter>
    <Filter Include="Source Files\Sound">
      <UniqueIdentifier>{248b8563-7c2b-4fa5-83f8-be8ac986b24c}</UniqueIdentifier>
    </Filter>
    <Filter Include="Header Files\UI">
      <UniqueIdentifier>{7e8b2e0b-bef1-4d08-9f69-5c0a7175e307}</UniqueIdentifier>
    </Filter>
    <Filter Include="Source Files\UI">
      <UniqueIdentifier>{9f21ae2f-ee38-4073-80c5-fff8a62248c0}</UniqueIdentifier>
    </Filter>
    <Filter Include="Header Files\Event">
      <UniqueIdentifier>{f1ad6db8-7c88-41c2-ba7e-fadd56125a57}</UniqueIdentifier>
    </Filter>
    <Filter Include="Source Files\Event">
      <UniqueIdentifier>{b4a4a4bf-a9a6-49a0-8230-23aa9840c1b3}</UniqueIdentifier>
    </Filter>
    <Filter Include="Header Files\Loading">
      <UniqueIdentifier>{5c0f7c31-531f-4033-a0e4-ba1deeb74c9a}</UniqueIdentifier>
    </Filter>
    <Filter Include="Header Files\Core">
      <UniqueIdentifier>{1533a3d5-613b-4ab4-84bf-6af19359b026}</UniqueIdentifier>
    </Filter>
    <Filter Include="Header Files\Core\Example">
      <UniqueIdentifier>{83e0b0d4-0776-4684-bbd1-5c430c604c74}</UniqueIdentifier>
    </Filter>
    <Filter Include="Header Files\Core\Test">
      <UniqueIdentifier>{850fdfe3-e82a-4dd5-9e1d-6b76a8b4742b}</UniqueIdentifier>
    </Filter>
    <Filter Include="Header Files\Util">
      <UniqueIdentifier>{5dcd4e8d-ddf1-42d4-b352-46fe0c952be0}</UniqueIdentifier>
    </Filter>
    <Filter Include="Source Files\Util">
      <UniqueIdentifier>{445ee806-cbc0-4a04-b3b2-91dc68002b9c}</UniqueIdentifier>
    </Filter>
    <Filter Include="Header Files\GL">
      <UniqueIdentifier>{27290bc5-d77d-4a85-9624-90b084778cff}</UniqueIdentifier>
    </Filter>
    <Filter Include="Source Files\Physics">
      <UniqueIdentifier>{53de4277-c255-497b-a1af-b24c6ff26379}</UniqueIdentifier>
    </Filter>
    <Filter Include="Source Files\Graphics\BufferObjects">
      <UniqueIdentifier>{9998886b-5b8d-4333-9856-59a2e6cdd3ba}</UniqueIdentifier>
    </Filter>
    <Filter Include="Source Files\Input">
      <UniqueIdentifier>{a78e8ccf-9344-4b4d-b460-250414a2a24d}</UniqueIdentifier>
    </Filter>
    <Filter Include="Header Files\Input">
      <UniqueIdentifier>{92771a19-b580-4146-a54b-7eab8be19244}</UniqueIdentifier>
    </Filter>
    <Filter Include="Source Files\Input">
      <UniqueIdentifier>{a78e8ccf-9344-4b4d-b460-250414a2a24d}</UniqueIdentifier>
    </Filter>
    <Filter Include="Header Files\Network">
      <UniqueIdentifier>{8e01d580-d6e3-43c5-94ad-5704d6c32074}</UniqueIdentifier>
    </Filter>
    <Filter Include="Source Files\Network">
      <UniqueIdentifier>{c9b6b0e4-6965-4865-8b9b-4d40f1c68bab}</UniqueIdentifier>
    </Filter>
    <Filter Include="Source Files\Loading">
      <UniqueIdentifier>{6a9e72b2-8bab-46a7-b77a-0655e6561f4e}</UniqueIdentifier>
    </Filter>
    <Filter Include="Resource Files\Core">
      <UniqueIdentifier>{8f9e7435-3d8d-40c5-9d22-99e168c5f71d}</UniqueIdentifier>
    </Filter>
    <Filter Include="Resource Files\Core\Example">
      <UniqueIdentifier>{8f1156c6-e7b0-48ce-98e5-0a8199af9cf5}</UniqueIdentifier>
    </Filter>
    <Filter Include="Resource Files\Core\Test">
      <UniqueIdentifier>{2e0bc802-8f7f-4fea-9c8b-171cd452f934}</UniqueIdentifier>
    </Filter>
    <Filter Include="Header Files\Core\Physics">
      <UniqueIdentifier>{092fd361-982d-42a8-bd76-f5da315426ee}</UniqueIdentifier>
    </Filter>
    <Filter Include="Header Files\Rendering">
      <UniqueIdentifier>{ab5738c5-fd2f-4fda-ab1c-369cf6320268}</UniqueIdentifier>
    </Filter>
    <Filter Include="Header Files\Rendering\Lighting">
      <UniqueIdentifier>{277f4127-555d-486e-aafe-7a0749e6b22b}</UniqueIdentifier>
    </Filter>
    <Filter Include="Header Files\Rendering\PostProcess">
      <UniqueIdentifier>{56300c83-1205-45bb-8cb0-336b0fb61b2a}</UniqueIdentifier>
    </Filter>
    <Filter Include="Header Files\Common">
      <UniqueIdentifier>{044a1511-0132-4c16-9908-8e35d5409fc6}</UniqueIdentifier>
    </Filter>
    <Filter Include="Source Files\Common">
      <UniqueIdentifier>{cfaed4c4-9694-4d28-b901-73469167c133}</UniqueIdentifier>
    </Filter>
    <Filter Include="Source Files\Core">
      <UniqueIdentifier>{146c7e7f-3240-4944-9a38-1330d98fb374}</UniqueIdentifier>
    </Filter>
    <Filter Include="Source Files\Rendering">
      <UniqueIdentifier>{fe701bc9-ce64-4d8d-bd85-fc18adc1d3cd}</UniqueIdentifier>
    </Filter>
    <Filter Include="Source Files\Rendering\PostProcess">
      <UniqueIdentifier>{10ebe80f-ca7b-4e37-969f-0519948a6c00}</UniqueIdentifier>
    </Filter>
    <Filter Include="Source Files\Rendering\Lighting">
      <UniqueIdentifier>{24c04713-330e-477c-889c-ef7faec93729}</UniqueIdentifier>
    </Filter>
  </ItemGroup>
  <ItemGroup>
    <ClCompile Include="main.cpp">
      <Filter>Source Files</Filter>
    </ClCompile>
    <ClCompile Include="Event\EventManager.cpp">
      <Filter>Source Files\Event</Filter>
    </ClCompile>
    <ClCompile Include="Sound\Sound.cpp">
      <Filter>Source Files\Sound</Filter>
    </ClCompile>
    <ClCompile Include="Sound\SoundManager.cpp">
      <Filter>Source Files\Sound</Filter>
    </ClCompile>
    <ClCompile Include="Loading\SimpleParser.cpp">
      <Filter>Source Files\Loading</Filter>
    </ClCompile>
    <ClCompile Include="Loading\ModelLoader.cpp">
      <Filter>Source Files\Loading</Filter>
    </ClCompile>
    <ClCompile Include="Loading\TextLoader.cpp">
      <Filter>Source Files\Loading</Filter>
    </ClCompile>
    <ClCompile Include="Core\Component.cpp">
      <Filter>Resource Files\Core</Filter>
    </ClCompile>
    <ClCompile Include="Core\Entity.cpp">
      <Filter>Resource Files\Core</Filter>
    </ClCompile>
    <ClCompile Include="Core\Transform.cpp">
      <Filter>Resource Files\Core</Filter>
    </ClCompile>
    <ClCompile Include="Core\TaskScheduler.cpp">
      <Filter>Resource Files\Core</Filter>
    </ClCompile>
    <ClCompile Include="Core\Handle.cpp">
      <Filter>Resource Files\Core</Filter>
    </ClCompile>
    <ClCompile Include="Util\CpuProfiler.cpp">
      <Filter>Source Files\Util</Filter>
    </ClCompile>
    <ClCompile Include="Util\OpenGLProfiler.cpp">
      <Filter>Source Files\Util</Filter>
    </ClCompile>
    <ClCompile Include="Core\Task.cpp">
      <Filter>Resource Files\Core</Filter>
    </ClCompile>
    <ClCompile Include="Core\OmegaEngine.cpp">
      <Filter>Resource Files\Core</Filter>
    </ClCompile>
    <ClCompile Include="GL\glad.c">
      <Filter>Header Files\GL</Filter>
    </ClCompile>
    <ClCompile Include="Core\StatusAction.cpp">
      <Filter>Resource Files\Core</Filter>
    </ClCompile>
    <ClCompile Include="Core\UpdatableComponent.cpp">
      <Filter>Resource Files\Core</Filter>
    </ClCompile>
    <ClCompile Include="Core\EntityManager.cpp">
      <Filter>Resource Files\Core</Filter>
    </ClCompile>
    <ClCompile Include="Core\Vector2D.cpp">
      <Filter>Resource Files\Core</Filter>
    </ClCompile>
    <ClCompile Include="Physics\PhysicsManager.cpp">
      <Filter>Source Files\Physics</Filter>
    </ClCompile>
    <ClCompile Include="Physics\PhysicsComponent.cpp">
      <Filter>Source Files\Physics</Filter>
    </ClCompile>
    <ClCompile Include="Physics\CContactListener.cpp">
      <Filter>Source Files\Physics</Filter>
    </ClCompile>
    <ClCompile Include="Input\InputSystem.cpp">
      <Filter>Source Files\Input</Filter>
    </ClCompile>
    <ClCompile Include="Loading\ImageLoader.cpp">
      <Filter>Source Files\Loading</Filter>
    </ClCompile>
    <ClCompile Include="Event\Observer.cpp">
      <Filter>Source Files\Event</Filter>
    </ClCompile>
    <ClCompile Include="Event\Subject.cpp">
      <Filter>Source Files\Event</Filter>
    </ClCompile>
    <ClCompile Include="Loading\PrefabLoader.cpp">
      <Filter>Source Files\Loading</Filter>
    </ClCompile>
    <ClCompile Include="Event\Handler.cpp">
      <Filter>Source Files\Event</Filter>
    </ClCompile>
    <ClCompile Include="Network\NetworkSystem.cpp">
      <Filter>Source Files\Network</Filter>
    </ClCompile>
    <ClCompile Include="Network\Address.cpp">
      <Filter>Source Files\Network</Filter>
    </ClCompile>
    <ClCompile Include="Network\PacketData.cpp">
      <Filter>Source Files\Network</Filter>
    </ClCompile>
    <ClCompile Include="Network\Socket.cpp">
      <Filter>Source Files\Network</Filter>
    </ClCompile>
    <ClCompile Include="Sound\SoundComponent.cpp">
      <Filter>Source Files\Sound</Filter>
    </ClCompile>
    <ClCompile Include="Network\NetworkComponent.cpp">
      <Filter>Source Files\Network</Filter>
    </ClCompile>
    <ClCompile Include="Sound\TrackParams.cpp">
      <Filter>Source Files\Sound</Filter>
    </ClCompile>
    <ClCompile Include="Network\NetState.cpp">
      <Filter>Source Files\Network</Filter>
    </ClCompile>
    <ClCompile Include="Rendering\ModelGen.cpp">
      <Filter>Source Files\Graphics</Filter>
    </ClCompile>
    <ClCompile Include="Rendering\Window.cpp">
      <Filter>Source Files\Graphics</Filter>
    </ClCompile>
    <ClCompile Include="Common\Animation.cpp">
      <Filter>Source Files\Common</Filter>
    </ClCompile>
    <ClCompile Include="Rendering\PostProcess\BlurPP.cpp">
      <Filter>Source Files\Rendering\PostProcess</Filter>
    </ClCompile>
    <ClCompile Include="Rendering\Camera.cpp">
      <Filter>Source Files\Rendering</Filter>
    </ClCompile>
    <ClCompile Include="Core\ComponentList.cpp">
      <Filter>Source Files\Core</Filter>
    </ClCompile>
    <ClCompile Include="Rendering\Constants.cpp">
      <Filter>Source Files\Core</Filter>
    </ClCompile>
    <ClCompile Include="Rendering\CubeMap.cpp">
      <Filter>Source Files\Rendering</Filter>
    </ClCompile>
    <ClCompile Include="Rendering\CubeMesh.cpp">
      <Filter>Source Files\Rendering</Filter>
    </ClCompile>
    <ClCompile Include="Rendering\Lighting\DirectionalLight.cpp">
      <Filter>Source Files\Rendering\Lighting</Filter>
    </ClCompile>
    <ClCompile Include="Rendering\PostProcess\FxaaPP.cpp">
      <Filter>Source Files\Rendering\PostProcess</Filter>
    </ClCompile>
    <ClCompile Include="Rendering\GeometryMaterial.cpp">
      <Filter>Source Files\Rendering</Filter>
    </ClCompile>
    <ClCompile Include="Common\HealthComponent.cpp">
      <Filter>Source Files\Common</Filter>
    </ClCompile>
    <ClCompile Include="Rendering\Lighting\Light.cpp">
      <Filter>Source Files\Rendering\Lighting</Filter>
    </ClCompile>
    <ClCompile Include="Rendering\Material.cpp">
      <Filter>Source Files\Rendering</Filter>
    </ClCompile>
    <ClCompile Include="Rendering\Mesh.cpp">
      <Filter>Source Files\Rendering</Filter>
    </ClCompile>
    <ClCompile Include="Rendering\PostProcess\NegativePP.cpp">
      <Filter>Source Files\Rendering\PostProcess</Filter>
    </ClCompile>
    <ClCompile Include="Rendering\OutlineComponent.cpp">
      <Filter>Source Files\Rendering</Filter>
    </ClCompile>
    <ClCompile Include="Rendering\PlaneMesh.cpp">
      <Filter>Source Files\Rendering</Filter>
    </ClCompile>
    <ClCompile Include="Rendering\Lighting\PointLight.cpp">
      <Filter>Source Files\Rendering\Lighting</Filter>
    </ClCompile>
    <ClCompile Include="Rendering\PostProcess\PostProcess.cpp">
      <Filter>Source Files\Rendering\PostProcess</Filter>
    </ClCompile>
    <ClCompile Include="Rendering\Renderable.cpp">
      <Filter>Source Files\Rendering</Filter>
    </ClCompile>
    <ClCompile Include="Rendering\RenderComponent.cpp">
      <Filter>Source Files\Rendering</Filter>
    </ClCompile>
    <ClCompile Include="Rendering\RenderingSystem.cpp">
      <Filter>Source Files\Rendering</Filter>
    </ClCompile>
    <ClCompile Include="Loading\ResourceCache.cpp">
      <Filter>Source Files\Core</Filter>
    </ClCompile>
    <ClCompile Include="Common\Rotator.cpp">
      <Filter>Source Files\Common</Filter>
    </ClCompile>
    <ClCompile Include="Rendering\Shader.cpp">
      <Filter>Source Files\Rendering</Filter>
    </ClCompile>
    <ClCompile Include="Rendering\TextRenderer.cpp">
      <Filter>Source Files\Rendering</Filter>
    </ClCompile>
    <ClCompile Include="Rendering\Texture.cpp">
      <Filter>Source Files\Rendering</Filter>
    </ClCompile>
    <ClCompile Include="Loading\TextureLoader.cpp">
      <Filter>Source Files\Rendering</Filter>
    </ClCompile>
    <ClCompile Include="Common\TimedDestruction.cpp">
      <Filter>Source Files\Common</Filter>
    </ClCompile>
    <ClCompile Include="Common\TransformAnimator.cpp">
      <Filter>Source Files\Common</Filter>
    </ClCompile>
    <ClCompile Include="UI\UIText.cpp">
      <Filter>Source Files\UI</Filter>
    </ClCompile>
    <ClCompile Include="UI\UIComponent.cpp">
      <Filter>Source Files\UI</Filter>
    </ClCompile>
    <ClCompile Include="UI\UIImage.cpp">
      <Filter>Source Files\UI</Filter>
    </ClCompile>
    <ClCompile Include="UI\UIManager.cpp">
      <Filter>Source Files\UI</Filter>
    </ClCompile>
    <ClCompile Include="UI\UIRoot.cpp">
      <Filter>Source Files\UI</Filter>
    </ClCompile>
    <ClCompile Include="Rendering\FrameBuffer.cpp">
      <Filter>Source Files</Filter>
    </ClCompile>
    <ClCompile Include="Rendering\GBuffer.cpp">
      <Filter>Source Files</Filter>
    </ClCompile>
    <ClCompile Include="Rendering\PostProcess\BloomPP.cpp">
      <Filter>Source Files</Filter>
    </ClCompile>
    <ClCompile Include="PrefabScene.cpp">
      <Filter>Source Files</Filter>
    </ClCompile>
    <ClCompile Include="Common\FreeLookMovement.cpp">
      <Filter>Source Files\Common</Filter>
    </ClCompile>
    <ClCompile Include="Core\System.cpp">
      <Filter>Source Files</Filter>
    </ClCompile>
    <ClCompile Include="Core\UpdateSystem.cpp">
      <Filter>Source Files</Filter>
    </ClCompile>
    <ClCompile Include="Physics\PhysicsUtil.cpp">
      <Filter>Source Files</Filter>
    </ClCompile>
    <ClCompile Include="Common\PhysicsMover.cpp">
      <Filter>Source Files</Filter>
    </ClCompile>
    <ClCompile Include="Rendering\Texture1x1.cpp">
      <Filter>Source Files</Filter>
    </ClCompile>
    <ClCompile Include="MainScene.cpp">
      <Filter>Source Files</Filter>
    </ClCompile>
    <ClCompile Include="Rendering\Lighting\SpotLight.cpp">
      <Filter>Source Files</Filter>
    </ClCompile>
    <ClCompile Include="Rendering\Lighting\AmbientLight.cpp">
      <Filter>Source Files</Filter>
    </ClCompile>
    <ClCompile Include="Car.cpp">
      <Filter>Source Files</Filter>
    </ClCompile>
    <ClCompile Include="Loading\FileUtil.cpp">
      <Filter>Source Files\Loading</Filter>
    </ClCompile>
    <ClCompile Include="RaceScene.cpp">
      <Filter>Source Files</Filter>
    </ClCompile>
    <ClCompile Include="Loading\MaterialLoader.cpp">
      <Filter>Source Files</Filter>
    </ClCompile>
    <ClCompile Include="Loading\ShaderLoader.cpp">
      <Filter>Source Files</Filter>
    </ClCompile>
    <ClCompile Include="Loading\JsonLoader.cpp">
      <Filter>Source Files</Filter>
    </ClCompile>
    <ClCompile Include="Util\JsonGL.cpp">
      <Filter>Source Files</Filter>
    </ClCompile>
    <ClCompile Include="TriggerZone.cpp">
      <Filter>Source Files</Filter>
    </ClCompile>
    <ClCompile Include="CarEffects.cpp">
      <Filter>Source Files</Filter>
    </ClCompile>
    <ClCompile Include="CarTriggerSystem.cpp">
      <Filter>Source Files</Filter>
    </ClCompile>
  </ItemGroup>
  <ItemGroup>
    <ClInclude Include="MainScene.h">
      <Filter>Header Files</Filter>
    </ClInclude>
    <ClInclude Include="Event\EventManager.h">
      <Filter>Header Files\Event</Filter>
    </ClInclude>
    <ClInclude Include="Event\EventName.h">
      <Filter>Header Files\Event</Filter>
    </ClInclude>
    <ClInclude Include="Event\ISubscriber.h">
      <Filter>Header Files\Event</Filter>
    </ClInclude>
    <ClInclude Include="Sound\Sound.h">
      <Filter>Header Files\Sound</Filter>
    </ClInclude>
    <ClInclude Include="Sound\SoundManager.h">
      <Filter>Header Files\Sound</Filter>
    </ClInclude>
    <ClInclude Include="Sound\SoundParams.h">
      <Filter>Header Files\Sound</Filter>
    </ClInclude>
    <ClInclude Include="Sound\TrackParams.h">
      <Filter>Header Files\Sound</Filter>
    </ClInclude>
    <ClInclude Include="Loading\SimpleParser.h">
      <Filter>Header Files\Loading</Filter>
    </ClInclude>
    <ClInclude Include="Loading\ModelLoader.h">
      <Filter>Header Files\Loading</Filter>
    </ClInclude>
    <ClInclude Include="Core\Component.h">
      <Filter>Header Files\Core</Filter>
    </ClInclude>
    <ClInclude Include="Core\Entity.h">
      <Filter>Header Files\Core</Filter>
    </ClInclude>
    <ClInclude Include="Core\Transform.h">
      <Filter>Header Files\Core</Filter>
    </ClInclude>
    <ClInclude Include="Core\TaskScheduler.h">
      <Filter>Header Files\Core</Filter>
    </ClInclude>
    <ClInclude Include="Core\Handle.h">
      <Filter>Header Files\Core</Filter>
    </ClInclude>
    <ClInclude Include="Util\CpuProfiler.h">
      <Filter>Header Files\Util</Filter>
    </ClInclude>
    <ClInclude Include="Util\OpenGLProfiler.h">
      <Filter>Header Files\Util</Filter>
    </ClInclude>
    <ClInclude Include="Core\Task.h">
      <Filter>Header Files\Core</Filter>
    </ClInclude>
    <ClInclude Include="Core\OmegaEngine.h">
      <Filter>Header Files\Core</Filter>
    </ClInclude>
    <ClInclude Include="GL\glad.h">
      <Filter>Header Files\GL</Filter>
    </ClInclude>
    <ClInclude Include="GL\khrplatform.h">
      <Filter>Header Files\GL</Filter>
    </ClInclude>
    <ClInclude Include="Core\RootEntity.h">
      <Filter>Header Files\Core</Filter>
    </ClInclude>
    <ClInclude Include="Core\StatusAction.h">
      <Filter>Header Files\Core</Filter>
    </ClInclude>
    <ClInclude Include="Core\UpdatableComponent.h">
      <Filter>Header Files\Core</Filter>
    </ClInclude>
    <ClInclude Include="Core\EntityManager.h">
      <Filter>Header Files\Core</Filter>
    </ClInclude>
    <ClInclude Include="Core\Scene.h">
      <Filter>Header Files\Core</Filter>
    </ClInclude>
    <ClInclude Include="Core\Vector2D.h">
      <Filter>Header Files\Core</Filter>
    </ClInclude>
    <ClInclude Include="Physics\PhysicsManager.h">
      <Filter>Header Files\Core\Physics</Filter>
    </ClInclude>
    <ClInclude Include="Physics\PhysicsComponent.h">
      <Filter>Header Files\Core\Physics</Filter>
    </ClInclude>
    <ClInclude Include="Physics\CContactListener.h">
      <Filter>Header Files\Core\Physics</Filter>
    </ClInclude>
    <ClInclude Include="Input\InputSystem.h">
      <Filter>Header Files\Input</Filter>
    </ClInclude>
    <ClInclude Include="Loading\ImageLoader.h">
      <Filter>Header Files\Loading</Filter>
    </ClInclude>
    <ClInclude Include="Event\Subject.h">
      <Filter>Header Files\Event</Filter>
    </ClInclude>
    <ClInclude Include="Event\Observer.h">
      <Filter>Header Files\Event</Filter>
    </ClInclude>
    <ClInclude Include="Physics\PhysObjectType.h">
      <Filter>Header Files\Core\Physics</Filter>
    </ClInclude>
    <ClInclude Include="Physics\RayQueryCallback.h">
      <Filter>Header Files\Core\Physics</Filter>
    </ClInclude>
    <ClInclude Include="Physics\AreaQueryCallback.h">
      <Filter>Header Files\Core\Physics</Filter>
    </ClInclude>
    <ClInclude Include="Loading\PrefabLoader.h">
      <Filter>Header Files\Loading</Filter>
    </ClInclude>
    <ClInclude Include="Event\Handler.h">
      <Filter>Header Files\Event</Filter>
    </ClInclude>
    <ClInclude Include="Util\TypePunners.h">
      <Filter>Header Files\Util</Filter>
    </ClInclude>
    <ClInclude Include="Network\Address.h">
      <Filter>Header Files\Network</Filter>
    </ClInclude>
    <ClInclude Include="Network\Connection.h">
      <Filter>Header Files\Network</Filter>
    </ClInclude>
    <ClInclude Include="Network\NetDatum.h">
      <Filter>Header Files\Network</Filter>
    </ClInclude>
    <ClInclude Include="Network\NetworkSystem.h">
      <Filter>Header Files\Network</Filter>
    </ClInclude>
    <ClInclude Include="Network\PacketData.h">
      <Filter>Header Files\Network</Filter>
    </ClInclude>
    <ClInclude Include="Network\Socket.h">
      <Filter>Header Files\Network</Filter>
    </ClInclude>
    <ClInclude Include="Sound\SoundComponent.h">
      <Filter>Header Files\Sound</Filter>
    </ClInclude>
    <ClInclude Include="Network\NetworkComponent.h">
      <Filter>Header Files\Network</Filter>
    </ClInclude>
    <ClInclude Include="Network\NetState.h">
      <Filter>Header Files\Network</Filter>
    </ClInclude>
    <ClInclude Include="Core\ComponentManager.h">
      <Filter>Header Files\Core</Filter>
    </ClInclude>
    <ClInclude Include="Core\Core/ComponentFactory.h">
      <Filter>Header Files\Core</Filter>
    </ClInclude>
    <ClInclude Include="Core\ComponentList.h">
      <Filter>Header Files\Core</Filter>
    </ClInclude>
    <ClInclude Include="OmegaEngineDefines.h">
      <Filter>Header Files</Filter>
    </ClInclude>
    <ClInclude Include="Rendering\Color.h">
      <Filter>Header Files\Rendering</Filter>
    </ClInclude>
    <ClInclude Include="Rendering\ModelGen.h">
      <Filter>Header Files\Rendering</Filter>
    </ClInclude>
    <ClInclude Include="Rendering\OutlineComponent.h">
      <Filter>Header Files\Rendering</Filter>
    </ClInclude>
    <ClInclude Include="Rendering\Window.h">
      <Filter>Header Files\Rendering</Filter>
    </ClInclude>
    <ClInclude Include="Rendering\PostProcess\BlurPP.h">
      <Filter>Header Files\Rendering\PostProcess</Filter>
    </ClInclude>
    <ClInclude Include="Core\ComponentFactory.h">
      <Filter>Header Files\Core</Filter>
    </ClInclude>
    <ClInclude Include="Rendering\Camera.h">
      <Filter>Header Files\Rendering</Filter>
    </ClInclude>
    <ClInclude Include="Rendering\Constants.h">
      <Filter>Header Files\Rendering</Filter>
    </ClInclude>
    <ClInclude Include="Rendering\CubeMap.h">
      <Filter>Header Files\Rendering</Filter>
    </ClInclude>
    <ClInclude Include="Rendering\CubeMesh.h">
      <Filter>Header Files\Rendering</Filter>
    </ClInclude>
    <ClInclude Include="Rendering\Lighting\DirectionalLight.h">
      <Filter>Header Files\Rendering\Lighting</Filter>
    </ClInclude>
    <ClInclude Include="Rendering\PostProcess\FxaaPP.h">
      <Filter>Header Files\Rendering\PostProcess</Filter>
    </ClInclude>
    <ClInclude Include="Rendering\GeometryMaterial.h">
      <Filter>Header Files\Rendering</Filter>
    </ClInclude>
    <ClInclude Include="Common\Animation.h">
      <Filter>Header Files\Common</Filter>
    </ClInclude>
    <ClInclude Include="Common\HealthComponent.h">
      <Filter>Header Files\Common</Filter>
    </ClInclude>
    <ClInclude Include="Rendering\Image.h">
      <Filter>Header Files\Rendering</Filter>
    </ClInclude>
    <ClInclude Include="Rendering\Lighting\Light.h">
      <Filter>Header Files\Rendering\Lighting</Filter>
    </ClInclude>
    <ClInclude Include="Rendering\Mesh.h">
      <Filter>Header Files\Rendering</Filter>
    </ClInclude>
    <ClInclude Include="Rendering\Material.h">
      <Filter>Header Files\Rendering</Filter>
    </ClInclude>
    <ClInclude Include="Rendering\PostProcess\NegativePP.h">
      <Filter>Header Files\Rendering\PostProcess</Filter>
    </ClInclude>
    <ClInclude Include="Rendering\PlaneMesh.h">
      <Filter>Header Files\Rendering</Filter>
    </ClInclude>
    <ClInclude Include="Rendering\Lighting\PointLight.h">
      <Filter>Header Files\Rendering\Lighting</Filter>
    </ClInclude>
    <ClInclude Include="Rendering\PostProcess\PostProcess.h">
      <Filter>Header Files\Rendering\PostProcess</Filter>
    </ClInclude>
    <ClInclude Include="Core\Rect.h">
      <Filter>Header Files\Core</Filter>
    </ClInclude>
    <ClInclude Include="Rendering\Renderable.h">
      <Filter>Header Files\Rendering</Filter>
    </ClInclude>
    <ClInclude Include="Rendering\RenderComponent.h">
      <Filter>Header Files\Rendering</Filter>
    </ClInclude>
    <ClInclude Include="Rendering\RenderingSystem.h">
      <Filter>Header Files\Rendering</Filter>
    </ClInclude>
    <ClInclude Include="Rendering\RenderUtil.h">
      <Filter>Header Files\Rendering</Filter>
    </ClInclude>
    <ClInclude Include="Common\Rotator.h">
      <Filter>Header Files\Common</Filter>
    </ClInclude>
    <ClInclude Include="Loading\ResourceCache.h">
      <Filter>Header Files\Core</Filter>
    </ClInclude>
    <ClInclude Include="Rendering\Shader.h">
      <Filter>Header Files\Rendering</Filter>
    </ClInclude>
    <ClInclude Include="Loading\TextLoader.h">
      <Filter>Header Files\Rendering</Filter>
    </ClInclude>
    <ClInclude Include="Rendering\TextRenderer.h">
      <Filter>Header Files\Rendering</Filter>
    </ClInclude>
    <ClInclude Include="Rendering\Texture.h">
      <Filter>Header Files\Rendering</Filter>
    </ClInclude>
    <ClInclude Include="Loading\TextureLoader.h">
      <Filter>Header Files\Rendering</Filter>
    </ClInclude>
    <ClInclude Include="Common\TimedDestruction.h">
      <Filter>Header Files\Common</Filter>
    </ClInclude>
    <ClInclude Include="Common\TransformAnimator.h">
      <Filter>Header Files\Common</Filter>
    </ClInclude>
    <ClInclude Include="UI\UIComponent.h">
      <Filter>Header Files\UI</Filter>
    </ClInclude>
    <ClInclude Include="UI\UIImage.h">
      <Filter>Header Files\UI</Filter>
    </ClInclude>
    <ClInclude Include="UI\UIManager.h">
      <Filter>Header Files\UI</Filter>
    </ClInclude>
    <ClInclude Include="UI\UIRoot.h">
      <Filter>Header Files\UI</Filter>
    </ClInclude>
    <ClInclude Include="UI\UIText.h">
      <Filter>Header Files\UI</Filter>
    </ClInclude>
    <ClInclude Include="Rendering\FrameBuffer.h">
      <Filter>Header Files</Filter>
    </ClInclude>
    <ClInclude Include="Rendering\GBuffer.h">
      <Filter>Header Files</Filter>
    </ClInclude>
    <ClInclude Include="Rendering\PostProcess\BloomPP.h">
      <Filter>Header Files</Filter>
    </ClInclude>
    <ClInclude Include="PrefabScene.h">
      <Filter>Header Files</Filter>
    </ClInclude>
    <ClInclude Include="Common\FreeLookMovement.h">
      <Filter>Header Files\Common</Filter>
    </ClInclude>
    <ClInclude Include="Physics\PhysicsUtil.h">
      <Filter>Header Files</Filter>
    </ClInclude>
    <ClInclude Include="Core\System.h">
      <Filter>Header Files</Filter>
    </ClInclude>
    <ClInclude Include="Core\UpdateSystem.h">
      <Filter>Header Files</Filter>
    </ClInclude>
    <ClInclude Include="Common\PhysicsMover.h">
      <Filter>Header Files</Filter>
    </ClInclude>
    <ClInclude Include="Rendering\Texture1x1.h">
      <Filter>Header Files</Filter>
    </ClInclude>
    <ClInclude Include="Rendering\Lighting\SpotLight.h">
      <Filter>Header Files</Filter>
    </ClInclude>
    <ClInclude Include="Rendering\Lighting\AmbientLight.h">
      <Filter>Header Files</Filter>
    </ClInclude>
    <ClInclude Include="Car.h">
      <Filter>Header Files</Filter>
    </ClInclude>
    <ClInclude Include="Loading\FileUtil.h">
      <Filter>Header Files</Filter>
    </ClInclude>
    <ClInclude Include="RaceScene.h">
      <Filter>Header Files</Filter>
    </ClInclude>
    <ClInclude Include="Loading\MaterialLoader.h">
      <Filter>Header Files</Filter>
    </ClInclude>
    <ClInclude Include="Loading\ShaderLoader.h">
      <Filter>Header Files</Filter>
    </ClInclude>
    <ClInclude Include="Loading\JsonLoader.h">
      <Filter>Header Files</Filter>
    </ClInclude>
    <ClInclude Include="Util\JsonGL.h">
      <Filter>Header Files</Filter>
    </ClInclude>
    <ClInclude Include="TriggerZone.h">
      <Filter>Header Files</Filter>
    </ClInclude>
    <ClInclude Include="CarEffects.h">
      <Filter>Header Files</Filter>
    </ClInclude>
    <ClInclude Include="CarTriggerSystem.h">
      <Filter>Header Files</Filter>
    </ClInclude>
  </ItemGroup>
  <ItemGroup>
    <None Include="packages.config" />
  </ItemGroup>
</Project>